
Microsoft Visual Studio Solution File, Format Version 12.00
# Visual Studio Version 17
VisualStudioVersion = 17.11.35312.102
MinimumVisualStudioVersion = 10.0.40219.1
Project("{FAE04EC0-301F-11D3-BF4B-00C04F79EFBC}") = "WebCalenderAPI", "WebCalenderAPI\WebCalenderAPI.csproj", "{859AB173-DF29-4517-9E6F-3172AC0980F2}"
EndProject
Global
	GlobalSection(SolutionConfigurationPlatforms) = preSolution
		Debug|Any CPU = Debug|Any CPU
		Release|Any CPU = Release|Any CPU
	EndGlobalSection
	GlobalSection(ProjectConfigurationPlatforms) = postSolution
		{859AB173-DF29-4517-9E6F-3172AC0980F2}.Debug|Any CPU.ActiveCfg = Debug|Any CPU
		{859AB173-DF29-4517-9E6F-3172AC0980F2}.Debug|Any CPU.Build.0 = Debug|Any CPU
		{859AB173-DF29-4517-9E6F-3172AC0980F2}.Release|Any CPU.ActiveCfg = Release|Any CPU
		{859AB173-DF29-4517-9E6F-3172AC0980F2}.Release|Any CPU.Build.0 = Release|Any CPU
	EndGlobalSection
	GlobalSection(SolutionProperties) = preSolution
		HideSolutionNode = FALSE
	EndGlobalSection
	GlobalSection(ExtensibilityGlobals) = postSolution
		SolutionGuid = {31EEF9C2-4987-474D-B903-C8C9785013C0}
	EndGlobalSection
EndGlobal
